{
    "_meta": {
        "hash": {
            "sha256": "2eb1d3081e8817a07fc76c3d8866447cf1d2f031b517223ef874001a8340045a"
        },
        "pipfile-spec": 6,
        "requires": {
            "python_version": "3.7"
        },
        "sources": [
            {
                "name": "pypi",
                "url": "https://pypi.org/simple",
                "verify_ssl": true
            }
        ]
    },
    "default": {
        "runestonecomponents": {
            "git": "https://github.com/schellenberg/RunestoneComponents.git",
            "ref": "672526dfad6454fff31dc66a8e783237e9a000e2"
        }
    },
    "develop": {}
}
